
Microsoft Visual Studio Solution File, Format Version 12.00
# Visual Studio 15
VisualStudioVersion = 15.0.27130.2036
MinimumVisualStudioVersion = 10.0.40219.1
Project("{9A19103F-16F7-4668-BE54-9A1E7A4F7556}") = "FeedbackApp", "FeedbackApp\FeedbackApp.csproj", "{004BAF02-83EE-48AD-BB9F-1791418E98EF}"
EndProject
Project("{9A19103F-16F7-4668-BE54-9A1E7A4F7556}") = "FeedbackApp.UnitTests", "FeedbackApp.UnitTests\FeedbackApp.UnitTests.csproj", "{DABAD6E6-11EA-4E89-8B5B-76B005DB9CA7}"
EndProject
Global
	GlobalSection(SolutionConfigurationPlatforms) = preSolution
		Debug|Any CPU = Debug|Any CPU
		Release|Any CPU = Release|Any CPU
	EndGlobalSection
	GlobalSection(ProjectConfigurationPlatforms) = postSolution
		{004BAF02-83EE-48AD-BB9F-1791418E98EF}.Debug|Any CPU.ActiveCfg = Debug|Any CPU
		{004BAF02-83EE-48AD-BB9F-1791418E98EF}.Debug|Any CPU.Build.0 = Debug|Any CPU
		{004BAF02-83EE-48AD-BB9F-1791418E98EF}.Release|Any CPU.ActiveCfg = Release|Any CPU
		{004BAF02-83EE-48AD-BB9F-1791418E98EF}.Release|Any CPU.Build.0 = Release|Any CPU
		{DABAD6E6-11EA-4E89-8B5B-76B005DB9CA7}.Debug|Any CPU.ActiveCfg = Debug|Any CPU
		{DABAD6E6-11EA-4E89-8B5B-76B005DB9CA7}.Debug|Any CPU.Build.0 = Debug|Any CPU
		{DABAD6E6-11EA-4E89-8B5B-76B005DB9CA7}.Release|Any CPU.ActiveCfg = Release|Any CPU
		{DABAD6E6-11EA-4E89-8B5B-76B005DB9CA7}.Release|Any CPU.Build.0 = Release|Any CPU
	EndGlobalSection
	GlobalSection(SolutionProperties) = preSolution
		HideSolutionNode = FALSE
	EndGlobalSection
	GlobalSection(ExtensibilityGlobals) = postSolution
		SolutionGuid = {E9D0E5AF-BDB3-4640-96AA-301778547A83}
	EndGlobalSection
EndGlobal
